// !$*UTF8*$!
{
	archiveVersion = 1;
	classes = {
	};
	objectVersion = 46;
	objects = {

/* Begin PBXBuildFile section */
		48925AB11BE83DD6002D5461 /* main.cpp in Sources */ = {isa = PBXBuildFile; fileRef = 48925AB01BE83DD6002D5461 /* main.cpp */; };
/* End PBXBuildFile section */

/* Begin PBXCopyFilesBuildPhase section */
		48925AAB1BE83DD6002D5461 /* CopyFiles */ = {
			isa = PBXCopyFilesBuildPhase;
			buildActionMask = 2147483647;
			dstPath = /usr/share/man/man1/;
			dstSubfolderSpec = 0;
			files = (
			);
			runOnlyForDeploymentPostprocessing = 1;
		};
/* End PBXCopyFilesBuildPhase section */

/* Begin PBXFileReference section */
		48925AAD1BE83DD6002D5461 /* Restaurants */ = {isa = PBXFileReference; explicitFileType = "compiled.mach-o.executable"; includeInIndex = 0; path = Restaurants; sourceTree = BUILT_PRODUCTS_DIR; };
		48925AB01BE83DD6002D5461 /* main.cpp */ = {isa = PBXFileReference; lastKnownFileType = sourcecode.cpp.cpp; path = main.cpp; sourceTree = "<group>"; };
/* End PBXFileReference section */

/* Begin PBXFrameworksBuildPhase section */
		48925AAA1BE83DD6002D5461 /* Frameworks */ = {
			isa = PBXFrameworksBuildPhase;
			buildActionMask = 2147483647;
			files = (
			);
			runOnlyForDeploymentPostprocessing = 0;
		};
/* End PBXFrameworksBuildPhase section */

/* Begin PBXGroup section */
		48925AA41BE83DD6002D5461 = {
			isa = PBXGroup;
			children = (
				48925AAF1BE83DD6002D5461 /* Restaurants */,
				48925AAE1BE83DD6002D5461 /* Products */,
			);
			sourceTree = "<group>";
		};
		48925AAE1BE83DD6002D5461 /* Products */ = {
			isa = PBXGroup;
			children = (
				48925AAD1BE83DD6002D5461 /* Restaurants */,
			);
			name = Products;
			sourceTree = "<group>";
		};
		48925AAF1BE83DD6002D5461 /* Restaurants */ = {
			isa = PBXGroup;
			children = (
				48925AB01BE83DD6002D5461 /* main.cpp */,
			);
			path = Restaurants;
			sourceTree = "<group>";
		};
/* End PBXGroup section */

/* Begin PBXNativeTarget section */
		48925AAC1BE83DD6002D5461 /* Restaurants */ = {
			isa = PBXNativeTarget;
			buildConfigurationList = 48925AB41BE83DD6002D5461 /* Build configuration list for PBXNativeTarget "Restaurants" */;
			buildPhases = (
				48925AA91BE83DD6002D5461 /* Sources */,
				48925AAA1BE83DD6002D5461 /* Frameworks */,
				48925AAB1BE83DD6002D5461 /* CopyFiles */,
			);
			buildRules = (
			);
			dependencies = (
			);
			name = Restaurants;
			productName = Restaurants;
			productReference = 48925AAD1BE83DD6002D5461 /* Restaurants */;
			productType = "com.apple.product-type.tool";
		};
/* End PBXNativeTarget section */

/* Begin PBXProject section */
		48925AA51BE83DD6002D5461 /* Project object */ = {
			isa = PBXProject;
			attributes = {
				LastUpgradeCheck = 0710;
				ORGANIZATIONNAME = "Andre Carrera";
				TargetAttributes = {
					48925AAC1BE83DD6002D5461 = {
						CreatedOnToolsVersion = 7.1;
					};
				};
			};
			buildConfigurationList = 48925AA81BE83DD6002D5461 /* Build configuration list for PBXProject "Restaurants" */;
			compatibilityVersion = "Xcode 3.2";
			developmentRegion = English;
			hasScannedForEncodings = 0;
			knownRegions = (
				en,
			);
			mainGroup = 48925AA41BE83DD6002D5461;
			productRefGroup = 48925AAE1BE83DD6002D5461 /* Products */;
			projectDirPath = "";
			projectRoot = "";
			targets = (
				48925AAC1BE83DD6002D5461 /* Restaurants */,
			);
		};
/* End PBXProject section */

/* Begin PBXSourcesBuildPhase section */
		48925AA91BE83DD6002D5461 /* Sources */ = {
			isa = PBXSourcesBuildPhase;
			buildActionMask = 2147483647;
			files = (
				48925AB11BE83DD6002D5461 /* main.cpp in Sources */,
			);
			runOnlyForDeploymentPostprocessing = 0;
		};
/* End PBXSourcesBuildPhase section */

/* Begin XCBuildConfiguration section */
		48925AB21BE83DD6002D5461 /* Debug */ = {
			isa = XCBuildConfiguration;
			buildSettings = {
				ALWAYS_SEARCH_USER_PATHS = NO;
				CLANG_CXX_LANGUAGE_STANDARD = "gnu++0x";
				CLANG_CXX_LIBRARY = "libc++";
				CLANG_ENABLE_MODULES = YES;
				CLANG_ENABLE_OBJC_ARC = YES;
				CLANG_WARN_BOOL_CONVERSION = YES;
				CLANG_WARN_CONSTANT_CONVERSION = YES;
				CLANG_WARN_DIRECT_OBJC_ISA_USAGE = YES_ERROR;
				CLANG_WARN_EMPTY_BODY = YES;
				CLANG_WARN_ENUM_CONVERSION = YES;
				CLANG_WARN_INT_CONVERSION = YES;
				CLANG_WARN_OBJC_ROOT_CLASS = YES_ERROR;
				CLANG_WARN_UNREACHABLE_CODE = YES;
				CLANG_WARN__DUPLICATE_METHOD_MATCH = YES;
				CODE_SIGN_IDENTITY = "-";
				COPY_PHASE_STRIP = NO;
				DEBUG_INFORMATION_FORMAT = dwarf;
				ENABLE_STRICT_OBJC_MSGSEND = YES;
				ENABLE_TESTABILITY = YES;
				GCC_C_LANGUAGE_STANDARD = gnu99;
				GCC_DYNAMIC_NO_PIC = NO;
				GCC_NO_COMMON_BLOCKS = YES;
				GCC_OPTIMIZATION_LEVEL = 0;
				GCC_PREPROCESSOR_DEFINITIONS = (
					"DEBUG=1",
					"$(inherited)",
				);
				GCC_WARN_64_TO_32_BIT_CONVERSION = YES;
				GCC_WARN_ABOUT_RETURN_TYPE = YES_ERROR;
				GCC_WARN_UNDECLARED_SELECTOR = YES;
				GCC_WARN_UNINITIALIZED_AUTOS = YES_AGGRESSIVE;
				GCC_WARN_UNUSED_FUNCTION = YES;
				GCC_WARN_UNUSED_VARIABLE = YES;
				MACOSX_DEPLOYMENT_TARGET = 10.11;
				MTL_ENABLE_DEBUG_INFO = YES;
				ONLY_ACTIVE_ARCH = YES;
				SDKROOT = macosx;
			};
			name = Debug;
		};
		48925AB31BE83DD6002D5461 /* Release */ = {
			isa = XCBuildConfiguration;
			buildSettings = {
				ALWAYS_SEARCH_USER_PATHS = NO;
				CLANG_CXX_LANGUAGE_STANDARD = "gnu++0x";
				CLANG_CXX_LIBRARY = "libc++";
				CLANG_ENABLE_MODULES = YES;
				CLANG_ENABLE_OBJC_ARC = YES;
				CLANG_WARN_BOOL_CONVERSION = YES;
				CLANG_WARN_CONSTANT_CONVERSION = YES;
				CLANG_WARN_DIRECT_OBJC_ISA_USAGE = YES_ERROR;
				CLANG_WARN_EMPTY_BODY = YES;
				CLANG_WARN_ENUM_CONVERSION = YES;
				CLANG_WARN_INT_CONVERSION = YES;
				CLANG_WARN_OBJC_ROOT_CLASS = YES_ERROR;
				CLANG_WARN_UNREACHABLE_CODE = YES;
				CLANG_WARN__DUPLICATE_METHOD_MATCH = YES;
				CODE_SIGN_IDENTITY = "-";
				COPY_PHASE_STRIP = NO;
				DEBUG_INFORMATION_FORMAT = "dwarf-with-dsym";
				ENABLE_NS_ASSERTIONS = NO;
				ENABLE_STRICT_OBJC_MSGSEND = YES;
				GCC_C_LANGUAGE_STANDARD = gnu99;
				GCC_NO_COMMON_BLOCKS = YES;
				GCC_WARN_64_TO_32_BIT_CONVERSION = YES;
				GCC_WARN_ABOUT_RETURN_TYPE = YES_ERROR;
				GCC_WARN_UNDECLARED_SELECTOR = YES;
				GCC_WARN_UNINITIALIZED_AUTOS = YES_AGGRESSIVE;
				GCC_WARN_UNUSED_FUNCTION = YES;
				GCC_WARN_UNUSED_VARIABLE = YES;
				MACOSX_DEPLOYMENT_TARGET = 10.11;
				MTL_ENABLE_DEBUG_INFO = NO;
				SDKROOT = macosx;
			};
			name = Release;
		};
		48925AB51BE83DD6002D5461 /* Debug */ = {
			isa = XCBuildConfiguration;
			buildSettings = {
				PRODUCT_NAME = "$(TARGET_NAME)";
			};
			name = Debug;
		};
		48925AB61BE83DD6002D5461 /* Release */ = {
			isa = XCBuildConfiguration;
			buildSettings = {
				PRODUCT_NAME = "$(TARGET_NAME)";
			};
			name = Release;
		};
/* End XCBuildConfiguration section */

/* Begin XCConfigurationList section */
		48925AA81BE83DD6002D5461 /* Build configuration list for PBXProject "Restaurants" */ = {
			isa = XCConfigurationList;
			buildConfigurations = (
				48925AB21BE83DD6002D5461 /* Debug */,
				48925AB31BE83DD6002D5461 /* Release */,
			);
			defaultConfigurationIsVisible = 0;
			defaultConfigurationName = Release;
		};
		48925AB41BE83DD6002D5461 /* Build configuration list for PBXNativeTarget "Restaurants" */ = {
			isa = XCConfigurationList;
			buildConfigurations = (
				48925AB51BE83DD6002D5461 /* Debug */,
				48925AB61BE83DD6002D5461 /* Release */,
			);
			defaultConfigurationIsVisible = 0;
		};
/* End XCConfigurationList section */
	};
	rootObject = 48925AA51BE83DD6002D5461 /* Project object */;
}
